# THIS IS AN AUTOGENERATED FILE. DO NOT EDIT THIS FILE DIRECTLY.
# yarn lockfile v1


openzeppelin-solidity@^2.3.0:
  version "2.5.1"
  resolved "https://registry.yarnpkg.com/openzeppelin-solidity/-/openzeppelin-solidity-2.5.1.tgz#1cdcce30c4c6a7b6625dab62ccd0440a813ab597"
  integrity sha512-oCGtQPLOou4su76IMr4XXJavy9a8OZmAXeUZ8diOdFznlL/mlkIlYr7wajqCzH4S47nlKPS7m0+a2nilCTpVPQ==

prettier@^1.18.2:
  version "1.19.1"
  resolved "https://registry.yarnpkg.com/prettier/-/prettier-1.19.1.tgz#f7d7f5ff8a9cd872a7be4ca142095956a60797cb"
  integrity sha512-s7PoyDv/II1ObgQunCbB9PdLmUcBZcnWOcxDh7O0N/UwDEsHyqkW+Qh28jW+mVuCdx7gLB0BotYI1Y6uI9iyew==
